// !$*UTF8*$!
{
	archiveVersion = 1;
	classes = {
	};
	objectVersion = 46;
	objects = {

/* Begin PBXBuildFile section */
		D9B3804A1BBC78CF001BF29A /* main.cpp in Sources */ = {isa = PBXBuildFile; fileRef = D9B380491BBC78CF001BF29A /* main.cpp */; };
		D9B3805C1BBC7A21001BF29A /* Fleet.cpp in Sources */ = {isa = PBXBuildFile; fileRef = D9B380501BBC7A21001BF29A /* Fleet.cpp */; };
		D9B3805D1BBC7A21001BF29A /* Shield.cpp in Sources */ = {isa = PBXBuildFile; fileRef = D9B380541BBC7A21001BF29A /* Shield.cpp */; };
		D9B3805E1BBC7A21001BF29A /* gclass.cpp in Sources */ = {isa = PBXBuildFile; fileRef = D9B380551BBC7A21001BF29A /* gclass.cpp */; };
		D9B3805F1BBC7A21001BF29A /* Unit.cpp in Sources */ = {isa = PBXBuildFile; fileRef = D9B380581BBC7A21001BF29A /* Unit.cpp */; };
		D9B380601BBC7A21001BF29A /* ShipBuilder.cpp in Sources */ = {isa = PBXBuildFile; fileRef = D9B380591BBC7A21001BF29A /* ShipBuilder.cpp */; };
		D9B380611BBC7A21001BF29A /* Ship.cpp in Sources */ = {isa = PBXBuildFile; fileRef = D9B3805B1BBC7A21001BF29A /* Ship.cpp */; };
		D9B380661BBC872A001BF29A /* Gun.cpp in Sources */ = {isa = PBXBuildFile; fileRef = D9B380641BBC872A001BF29A /* Gun.cpp */; };
		D9B380691BBC87AC001BF29A /* Engine.cpp in Sources */ = {isa = PBXBuildFile; fileRef = D9B380671BBC87AC001BF29A /* Engine.cpp */; };
/* End PBXBuildFile section */

/* Begin PBXCopyFilesBuildPhase section */
		D9B380441BBC78CF001BF29A /* CopyFiles */ = {
			isa = PBXCopyFilesBuildPhase;
			buildActionMask = 2147483647;
			dstPath = /usr/share/man/man1/;
			dstSubfolderSpec = 0;
			files = (
			);
			runOnlyForDeploymentPostprocessing = 1;
		};
/* End PBXCopyFilesBuildPhase section */

/* Begin PBXFileReference section */
		D9B380461BBC78CF001BF29A /* genecode */ = {isa = PBXFileReference; explicitFileType = "compiled.mach-o.executable"; includeInIndex = 0; path = genecode; sourceTree = BUILT_PRODUCTS_DIR; };
		D9B380491BBC78CF001BF29A /* main.cpp */ = {isa = PBXFileReference; lastKnownFileType = sourcecode.cpp.cpp; path = main.cpp; sourceTree = "<group>"; };
		D9B380501BBC7A21001BF29A /* Fleet.cpp */ = {isa = PBXFileReference; fileEncoding = 4; lastKnownFileType = sourcecode.cpp.cpp; name = Fleet.cpp; path = genecode/Fleet.cpp; sourceTree = "<group>"; };
		D9B380511BBC7A21001BF29A /* ShipBuilder.h */ = {isa = PBXFileReference; fileEncoding = 4; lastKnownFileType = sourcecode.c.h; name = ShipBuilder.h; path = genecode/ShipBuilder.h; sourceTree = "<group>"; };
		D9B380521BBC7A21001BF29A /* Fleet.h */ = {isa = PBXFileReference; fileEncoding = 4; lastKnownFileType = sourcecode.c.h; name = Fleet.h; path = genecode/Fleet.h; sourceTree = "<group>"; };
		D9B380531BBC7A21001BF29A /* Shield.h */ = {isa = PBXFileReference; fileEncoding = 4; lastKnownFileType = sourcecode.c.h; name = Shield.h; path = genecode/Shield.h; sourceTree = "<group>"; };
		D9B380541BBC7A21001BF29A /* Shield.cpp */ = {isa = PBXFileReference; fileEncoding = 4; lastKnownFileType = sourcecode.cpp.cpp; name = Shield.cpp; path = genecode/Shield.cpp; sourceTree = "<group>"; };
		D9B380551BBC7A21001BF29A /* gclass.cpp */ = {isa = PBXFileReference; fileEncoding = 4; lastKnownFileType = sourcecode.cpp.cpp; name = gclass.cpp; path = genecode/gclass.cpp; sourceTree = "<group>"; };
		D9B380561BBC7A21001BF29A /* gclass.h */ = {isa = PBXFileReference; fileEncoding = 4; lastKnownFileType = sourcecode.c.h; name = gclass.h; path = genecode/gclass.h; sourceTree = "<group>"; };
		D9B380571BBC7A21001BF29A /* Unit.h */ = {isa = PBXFileReference; fileEncoding = 4; lastKnownFileType = sourcecode.c.h; name = Unit.h; path = genecode/Unit.h; sourceTree = "<group>"; };
		D9B380581BBC7A21001BF29A /* Unit.cpp */ = {isa = PBXFileReference; fileEncoding = 4; lastKnownFileType = sourcecode.cpp.cpp; name = Unit.cpp; path = genecode/Unit.cpp; sourceTree = "<group>"; };
		D9B380591BBC7A21001BF29A /* ShipBuilder.cpp */ = {isa = PBXFileReference; fileEncoding = 4; lastKnownFileType = sourcecode.cpp.cpp; name = ShipBuilder.cpp; path = genecode/ShipBuilder.cpp; sourceTree = "<group>"; };
		D9B3805A1BBC7A21001BF29A /* Ship.h */ = {isa = PBXFileReference; fileEncoding = 4; lastKnownFileType = sourcecode.c.h; name = Ship.h; path = genecode/Ship.h; sourceTree = "<group>"; };
		D9B3805B1BBC7A21001BF29A /* Ship.cpp */ = {isa = PBXFileReference; fileEncoding = 4; lastKnownFileType = sourcecode.cpp.cpp; name = Ship.cpp; path = genecode/Ship.cpp; sourceTree = "<group>"; };
		D9B380621BBC7A78001BF29A /* GLOBAL_CONST.h */ = {isa = PBXFileReference; lastKnownFileType = sourcecode.c.h; path = GLOBAL_CONST.h; sourceTree = "<group>"; };
		D9B380641BBC872A001BF29A /* Gun.cpp */ = {isa = PBXFileReference; fileEncoding = 4; lastKnownFileType = sourcecode.cpp.cpp; name = Gun.cpp; path = genecode/Gun.cpp; sourceTree = "<group>"; };
		D9B380651BBC872A001BF29A /* Gun.h */ = {isa = PBXFileReference; fileEncoding = 4; lastKnownFileType = sourcecode.c.h; name = Gun.h; path = genecode/Gun.h; sourceTree = "<group>"; };
		D9B380671BBC87AC001BF29A /* Engine.cpp */ = {isa = PBXFileReference; fileEncoding = 4; lastKnownFileType = sourcecode.cpp.cpp; name = Engine.cpp; path = genecode/Engine.cpp; sourceTree = "<group>"; };
		D9B380681BBC87AC001BF29A /* Engine.h */ = {isa = PBXFileReference; fileEncoding = 4; lastKnownFileType = sourcecode.c.h; name = Engine.h; path = genecode/Engine.h; sourceTree = "<group>"; };
/* End PBXFileReference section */

/* Begin PBXFrameworksBuildPhase section */
		D9B380431BBC78CF001BF29A /* Frameworks */ = {
			isa = PBXFrameworksBuildPhase;
			buildActionMask = 2147483647;
			files = (
			);
			runOnlyForDeploymentPostprocessing = 0;
		};
/* End PBXFrameworksBuildPhase section */

/* Begin PBXGroup section */
		D9B3803D1BBC78CF001BF29A = {
			isa = PBXGroup;
			children = (
				D9B380671BBC87AC001BF29A /* Engine.cpp */,
				D9B380681BBC87AC001BF29A /* Engine.h */,
				D9B380641BBC872A001BF29A /* Gun.cpp */,
				D9B380651BBC872A001BF29A /* Gun.h */,
				D9B380621BBC7A78001BF29A /* GLOBAL_CONST.h */,
				D9B380501BBC7A21001BF29A /* Fleet.cpp */,
				D9B380521BBC7A21001BF29A /* Fleet.h */,
				D9B380531BBC7A21001BF29A /* Shield.h */,
				D9B380541BBC7A21001BF29A /* Shield.cpp */,
				D9B380551BBC7A21001BF29A /* gclass.cpp */,
				D9B380561BBC7A21001BF29A /* gclass.h */,
				D9B380571BBC7A21001BF29A /* Unit.h */,
				D9B380581BBC7A21001BF29A /* Unit.cpp */,
				D9B380591BBC7A21001BF29A /* ShipBuilder.cpp */,
				D9B380511BBC7A21001BF29A /* ShipBuilder.h */,
				D9B3805A1BBC7A21001BF29A /* Ship.h */,
				D9B3805B1BBC7A21001BF29A /* Ship.cpp */,
				D9B380481BBC78CF001BF29A /* genecode */,
				D9B380471BBC78CF001BF29A /* Products */,
			);
			sourceTree = "<group>";
		};
		D9B380471BBC78CF001BF29A /* Products */ = {
			isa = PBXGroup;
			children = (
				D9B380461BBC78CF001BF29A /* genecode */,
			);
			name = Products;
			sourceTree = "<group>";
		};
		D9B380481BBC78CF001BF29A /* genecode */ = {
			isa = PBXGroup;
			children = (
				D9B380491BBC78CF001BF29A /* main.cpp */,
			);
			path = genecode;
			sourceTree = "<group>";
		};
/* End PBXGroup section */

/* Begin PBXNativeTarget section */
		D9B380451BBC78CF001BF29A /* genecode */ = {
			isa = PBXNativeTarget;
			buildConfigurationList = D9B3804D1BBC78CF001BF29A /* Build configuration list for PBXNativeTarget "genecode" */;
			buildPhases = (
				D9B380421BBC78CF001BF29A /* Sources */,
				D9B380431BBC78CF001BF29A /* Frameworks */,
				D9B380441BBC78CF001BF29A /* CopyFiles */,
			);
			buildRules = (
			);
			dependencies = (
			);
			name = genecode;
			productName = genecode;
			productReference = D9B380461BBC78CF001BF29A /* genecode */;
			productType = "com.apple.product-type.tool";
		};
/* End PBXNativeTarget section */

/* Begin PBXProject section */
		D9B3803E1BBC78CF001BF29A /* Project object */ = {
			isa = PBXProject;
			attributes = {
				LastUpgradeCheck = 0640;
				ORGANIZATIONNAME = com.ovt;
				TargetAttributes = {
					D9B380451BBC78CF001BF29A = {
						CreatedOnToolsVersion = 6.4;
					};
				};
			};
			buildConfigurationList = D9B380411BBC78CF001BF29A /* Build configuration list for PBXProject "genecode" */;
			compatibilityVersion = "Xcode 3.2";
			developmentRegion = English;
			hasScannedForEncodings = 0;
			knownRegions = (
				en,
			);
			mainGroup = D9B3803D1BBC78CF001BF29A;
			productRefGroup = D9B380471BBC78CF001BF29A /* Products */;
			projectDirPath = "";
			projectRoot = "";
			targets = (
				D9B380451BBC78CF001BF29A /* genecode */,
			);
		};
/* End PBXProject section */

/* Begin PBXSourcesBuildPhase section */
		D9B380421BBC78CF001BF29A /* Sources */ = {
			isa = PBXSourcesBuildPhase;
			buildActionMask = 2147483647;
			files = (
				D9B3805E1BBC7A21001BF29A /* gclass.cpp in Sources */,
				D9B380601BBC7A21001BF29A /* ShipBuilder.cpp in Sources */,
				D9B380661BBC872A001BF29A /* Gun.cpp in Sources */,
				D9B3805C1BBC7A21001BF29A /* Fleet.cpp in Sources */,
				D9B3805D1BBC7A21001BF29A /* Shield.cpp in Sources */,
				D9B3804A1BBC78CF001BF29A /* main.cpp in Sources */,
				D9B3805F1BBC7A21001BF29A /* Unit.cpp in Sources */,
				D9B380691BBC87AC001BF29A /* Engine.cpp in Sources */,
				D9B380611BBC7A21001BF29A /* Ship.cpp in Sources */,
			);
			runOnlyForDeploymentPostprocessing = 0;
		};
/* End PBXSourcesBuildPhase section */

/* Begin XCBuildConfiguration section */
		D9B3804B1BBC78CF001BF29A /* Debug */ = {
			isa = XCBuildConfiguration;
			buildSettings = {
				ALWAYS_SEARCH_USER_PATHS = NO;
				CLANG_CXX_LANGUAGE_STANDARD = "gnu++0x";
				CLANG_CXX_LIBRARY = "libc++";
				CLANG_ENABLE_MODULES = YES;
				CLANG_ENABLE_OBJC_ARC = YES;
				CLANG_WARN_BOOL_CONVERSION = YES;
				CLANG_WARN_CONSTANT_CONVERSION = YES;
				CLANG_WARN_DIRECT_OBJC_ISA_USAGE = YES_ERROR;
				CLANG_WARN_EMPTY_BODY = YES;
				CLANG_WARN_ENUM_CONVERSION = YES;
				CLANG_WARN_INT_CONVERSION = YES;
				CLANG_WARN_OBJC_ROOT_CLASS = YES_ERROR;
				CLANG_WARN_UNREACHABLE_CODE = YES;
				CLANG_WARN__DUPLICATE_METHOD_MATCH = YES;
				COPY_PHASE_STRIP = NO;
				DEBUG_INFORMATION_FORMAT = dwarf;
				ENABLE_STRICT_OBJC_MSGSEND = YES;
				GCC_C_LANGUAGE_STANDARD = gnu99;
				GCC_DYNAMIC_NO_PIC = NO;
				GCC_NO_COMMON_BLOCKS = YES;
				GCC_OPTIMIZATION_LEVEL = 0;
				GCC_PREPROCESSOR_DEFINITIONS = (
					"DEBUG=1",
					"$(inherited)",
				);
				GCC_SYMBOLS_PRIVATE_EXTERN = NO;
				GCC_WARN_64_TO_32_BIT_CONVERSION = YES;
				GCC_WARN_ABOUT_RETURN_TYPE = YES_ERROR;
				GCC_WARN_UNDECLARED_SELECTOR = YES;
				GCC_WARN_UNINITIALIZED_AUTOS = YES_AGGRESSIVE;
				GCC_WARN_UNUSED_FUNCTION = YES;
				GCC_WARN_UNUSED_VARIABLE = YES;
				MACOSX_DEPLOYMENT_TARGET = 10.10;
				MTL_ENABLE_DEBUG_INFO = YES;
				ONLY_ACTIVE_ARCH = YES;
				SDKROOT = macosx;
			};
			name = Debug;
		};
		D9B3804C1BBC78CF001BF29A /* Release */ = {
			isa = XCBuildConfiguration;
			buildSettings = {
				ALWAYS_SEARCH_USER_PATHS = NO;
				CLANG_CXX_LANGUAGE_STANDARD = "gnu++0x";
				CLANG_CXX_LIBRARY = "libc++";
				CLANG_ENABLE_MODULES = YES;
				CLANG_ENABLE_OBJC_ARC = YES;
				CLANG_WARN_BOOL_CONVERSION = YES;
				CLANG_WARN_CONSTANT_CONVERSION = YES;
				CLANG_WARN_DIRECT_OBJC_ISA_USAGE = YES_ERROR;
				CLANG_WARN_EMPTY_BODY = YES;
				CLANG_WARN_ENUM_CONVERSION = YES;
				CLANG_WARN_INT_CONVERSION = YES;
				CLANG_WARN_OBJC_ROOT_CLASS = YES_ERROR;
				CLANG_WARN_UNREACHABLE_CODE = YES;
				CLANG_WARN__DUPLICATE_METHOD_MATCH = YES;
				COPY_PHASE_STRIP = NO;
				DEBUG_INFORMATION_FORMAT = "dwarf-with-dsym";
				ENABLE_NS_ASSERTIONS = NO;
				ENABLE_STRICT_OBJC_MSGSEND = YES;
				GCC_C_LANGUAGE_STANDARD = gnu99;
				GCC_NO_COMMON_BLOCKS = YES;
				GCC_WARN_64_TO_32_BIT_CONVERSION = YES;
				GCC_WARN_ABOUT_RETURN_TYPE = YES_ERROR;
				GCC_WARN_UNDECLARED_SELECTOR = YES;
				GCC_WARN_UNINITIALIZED_AUTOS = YES_AGGRESSIVE;
				GCC_WARN_UNUSED_FUNCTION = YES;
				GCC_WARN_UNUSED_VARIABLE = YES;
				MACOSX_DEPLOYMENT_TARGET = 10.10;
				MTL_ENABLE_DEBUG_INFO = NO;
				SDKROOT = macosx;
			};
			name = Release;
		};
		D9B3804E1BBC78CF001BF29A /* Debug */ = {
			isa = XCBuildConfiguration;
			buildSettings = {
				PRODUCT_NAME = "$(TARGET_NAME)";
			};
			name = Debug;
		};
		D9B3804F1BBC78CF001BF29A /* Release */ = {
			isa = XCBuildConfiguration;
			buildSettings = {
				PRODUCT_NAME = "$(TARGET_NAME)";
			};
			name = Release;
		};
/* End XCBuildConfiguration section */

/* Begin XCConfigurationList section */
		D9B380411BBC78CF001BF29A /* Build configuration list for PBXProject "genecode" */ = {
			isa = XCConfigurationList;
			buildConfigurations = (
				D9B3804B1BBC78CF001BF29A /* Debug */,
				D9B3804C1BBC78CF001BF29A /* Release */,
			);
			defaultConfigurationIsVisible = 0;
			defaultConfigurationName = Release;
		};
		D9B3804D1BBC78CF001BF29A /* Build configuration list for PBXNativeTarget "genecode" */ = {
			isa = XCConfigurationList;
			buildConfigurations = (
				D9B3804E1BBC78CF001BF29A /* Debug */,
				D9B3804F1BBC78CF001BF29A /* Release */,
			);
			defaultConfigurationIsVisible = 0;
			defaultConfigurationName = Release;
		};
/* End XCConfigurationList section */
	};
	rootObject = D9B3803E1BBC78CF001BF29A /* Project object */;
}
